
Microsoft Visual Studio Solution File, Format Version 12.00
# Visual Studio Version 17
VisualStudioVersion = 17.4.33213.308
MinimumVisualStudioVersion = 10.0.40219.1
Project("{FAE04EC0-301F-11D3-BF4B-00C04F79EFBC}") = "Hello-World", "Hello-World\Hello-World.csproj", "{0B0A9B7E-8288-42A2-BB41-4FEF974814BA}"
EndProject
Global
	GlobalSection(SolutionConfigurationPlatforms) = preSolution
		Debug|Any CPU = Debug|Any CPU
		Release|Any CPU = Release|Any CPU
	EndGlobalSection
	GlobalSection(ProjectConfigurationPlatforms) = postSolution
		{0B0A9B7E-8288-42A2-BB41-4FEF974814BA}.Debug|Any CPU.ActiveCfg = Debug|Any CPU
		{0B0A9B7E-8288-42A2-BB41-4FEF974814BA}.Debug|Any CPU.Build.0 = Debug|Any CPU
		{0B0A9B7E-8288-42A2-BB41-4FEF974814BA}.Release|Any CPU.ActiveCfg = Release|Any CPU
		{0B0A9B7E-8288-42A2-BB41-4FEF974814BA}.Release|Any CPU.Build.0 = Release|Any CPU
	EndGlobalSection
	GlobalSection(SolutionProperties) = preSolution
		HideSolutionNode = FALSE
	EndGlobalSection
	GlobalSection(ExtensibilityGlobals) = postSolution
		SolutionGuid = {12BFE556-F35F-48E8-BDB6-F042C96E4687}
	EndGlobalSection
EndGlobal
