
Microsoft Visual Studio Solution File, Format Version 12.00
# Visual Studio Version 17
VisualStudioVersion = 17.4.33213.308
MinimumVisualStudioVersion = 10.0.40219.1
Project("{FAE04EC0-301F-11D3-BF4B-00C04F79EFBC}") = "Filetransfer", "Filetransfer\Filetransfer.csproj", "{DD9CBB16-2B3E-4B8A-9211-E6E7ADEA277B}"
EndProject
Global
	GlobalSection(SolutionConfigurationPlatforms) = preSolution
		Debug|Any CPU = Debug|Any CPU
		Release|Any CPU = Release|Any CPU
	EndGlobalSection
	GlobalSection(ProjectConfigurationPlatforms) = postSolution
		{DD9CBB16-2B3E-4B8A-9211-E6E7ADEA277B}.Debug|Any CPU.ActiveCfg = Debug|Any CPU
		{DD9CBB16-2B3E-4B8A-9211-E6E7ADEA277B}.Debug|Any CPU.Build.0 = Debug|Any CPU
		{DD9CBB16-2B3E-4B8A-9211-E6E7ADEA277B}.Release|Any CPU.ActiveCfg = Release|Any CPU
		{DD9CBB16-2B3E-4B8A-9211-E6E7ADEA277B}.Release|Any CPU.Build.0 = Release|Any CPU
	EndGlobalSection
	GlobalSection(SolutionProperties) = preSolution
		HideSolutionNode = FALSE
	EndGlobalSection
	GlobalSection(ExtensibilityGlobals) = postSolution
		SolutionGuid = {0BE9CC73-AB34-43D7-A49F-059ED47E8BB0}
	EndGlobalSection
EndGlobal
